
Microsoft Visual Studio Solution File, Format Version 12.00
# Visual Studio Version 17
VisualStudioVersion = 17.1.32328.378
MinimumVisualStudioVersion = 10.0.40219.1
Project("{FAE04EC0-301F-11D3-BF4B-00C04F79EFBC}") = "exempleControls", "exempleControls\exempleControls.csproj", "{47433075-D2B0-4E3B-8FBC-C940D8337038}"
EndProject
Global
	GlobalSection(SolutionConfigurationPlatforms) = preSolution
		Debug|Any CPU = Debug|Any CPU
		Release|Any CPU = Release|Any CPU
	EndGlobalSection
	GlobalSection(ProjectConfigurationPlatforms) = postSolution
		{47433075-D2B0-4E3B-8FBC-C940D8337038}.Debug|Any CPU.ActiveCfg = Debug|Any CPU
		{47433075-D2B0-4E3B-8FBC-C940D8337038}.Debug|Any CPU.Build.0 = Debug|Any CPU
		{47433075-D2B0-4E3B-8FBC-C940D8337038}.Release|Any CPU.ActiveCfg = Release|Any CPU
		{47433075-D2B0-4E3B-8FBC-C940D8337038}.Release|Any CPU.Build.0 = Release|Any CPU
	EndGlobalSection
	GlobalSection(SolutionProperties) = preSolution
		HideSolutionNode = FALSE
	EndGlobalSection
	GlobalSection(ExtensibilityGlobals) = postSolution
		SolutionGuid = {437B0380-88F7-4524-86B7-C14F9D84D4D1}
	EndGlobalSection
EndGlobal
